// !$*UTF8*$!
{
	archiveVersion = 1;
	classes = {
	};
	objectVersion = 46;
	objects = {

/* Begin PBXBuildFile section */
		FEF4C2C81B1391A8008B71EC /* AppDelegate.swift in Sources */ = {isa = PBXBuildFile; fileRef = FEF4C2C71B1391A8008B71EC /* AppDelegate.swift */; };
		FEF4C2CA1B1391A8008B71EC /* ViewController.swift in Sources */ = {isa = PBXBuildFile; fileRef = FEF4C2C91B1391A8008B71EC /* ViewController.swift */; };
		FEF4C2CD1B1391A8008B71EC /* Main.storyboard in Resources */ = {isa = PBXBuildFile; fileRef = FEF4C2CB1B1391A8008B71EC /* Main.storyboard */; };
		FEF4C2CF1B1391A8008B71EC /* Images.xcassets in Resources */ = {isa = PBXBuildFile; fileRef = FEF4C2CE1B1391A8008B71EC /* Images.xcassets */; };
		FEF4C2D21B1391A8008B71EC /* LaunchScreen.xib in Resources */ = {isa = PBXBuildFile; fileRef = FEF4C2D01B1391A8008B71EC /* LaunchScreen.xib */; };
		FEF4C2DE1B1391A8008B71EC /* _9RedBalloonsTests.swift in Sources */ = {isa = PBXBuildFile; fileRef = FEF4C2DD1B1391A8008B71EC /* _9RedBalloonsTests.swift */; };
		FEF4C2ED1B1391BD008B71EC /* BerlinTVTower.jpg in Resources */ = {isa = PBXBuildFile; fileRef = FEF4C2E81B1391BD008B71EC /* BerlinTVTower.jpg */; };
		FEF4C2EE1B1391BD008B71EC /* RedBalloon1.jpg in Resources */ = {isa = PBXBuildFile; fileRef = FEF4C2E91B1391BD008B71EC /* RedBalloon1.jpg */; };
		FEF4C2EF1B1391BD008B71EC /* RedBalloon2.jpg in Resources */ = {isa = PBXBuildFile; fileRef = FEF4C2EA1B1391BD008B71EC /* RedBalloon2.jpg */; };
		FEF4C2F01B1391BD008B71EC /* RedBalloon3.jpg in Resources */ = {isa = PBXBuildFile; fileRef = FEF4C2EB1B1391BD008B71EC /* RedBalloon3.jpg */; };
		FEF4C2F11B1391BD008B71EC /* RedBalloon4.jpg in Resources */ = {isa = PBXBuildFile; fileRef = FEF4C2EC1B1391BD008B71EC /* RedBalloon4.jpg */; };
/* End PBXBuildFile section */

/* Begin PBXContainerItemProxy section */
		FEF4C2D81B1391A8008B71EC /* PBXContainerItemProxy */ = {
			isa = PBXContainerItemProxy;
			containerPortal = FEF4C2BA1B1391A8008B71EC /* Project object */;
			proxyType = 1;
			remoteGlobalIDString = FEF4C2C11B1391A8008B71EC;
			remoteInfo = 99RedBalloons;
		};
/* End PBXContainerItemProxy section */

/* Begin PBXFileReference section */
		FEF4C2C21B1391A8008B71EC /* 99RedBalloons.app */ = {isa = PBXFileReference; explicitFileType = wrapper.application; includeInIndex = 0; path = 99RedBalloons.app; sourceTree = BUILT_PRODUCTS_DIR; };
		FEF4C2C61B1391A8008B71EC /* Info.plist */ = {isa = PBXFileReference; lastKnownFileType = text.plist.xml; path = Info.plist; sourceTree = "<group>"; };
		FEF4C2C71B1391A8008B71EC /* AppDelegate.swift */ = {isa = PBXFileReference; lastKnownFileType = sourcecode.swift; path = AppDelegate.swift; sourceTree = "<group>"; };
		FEF4C2C91B1391A8008B71EC /* ViewController.swift */ = {isa = PBXFileReference; lastKnownFileType = sourcecode.swift; path = ViewController.swift; sourceTree = "<group>"; };
		FEF4C2CC1B1391A8008B71EC /* Base */ = {isa = PBXFileReference; lastKnownFileType = file.storyboard; name = Base; path = Base.lproj/Main.storyboard; sourceTree = "<group>"; };
		FEF4C2CE1B1391A8008B71EC /* Images.xcassets */ = {isa = PBXFileReference; lastKnownFileType = folder.assetcatalog; path = Images.xcassets; sourceTree = "<group>"; };
		FEF4C2D11B1391A8008B71EC /* Base */ = {isa = PBXFileReference; lastKnownFileType = file.xib; name = Base; path = Base.lproj/LaunchScreen.xib; sourceTree = "<group>"; };
		FEF4C2D71B1391A8008B71EC /* 99RedBalloonsTests.xctest */ = {isa = PBXFileReference; explicitFileType = wrapper.cfbundle; includeInIndex = 0; path = 99RedBalloonsTests.xctest; sourceTree = BUILT_PRODUCTS_DIR; };
		FEF4C2DC1B1391A8008B71EC /* Info.plist */ = {isa = PBXFileReference; lastKnownFileType = text.plist.xml; path = Info.plist; sourceTree = "<group>"; };
		FEF4C2DD1B1391A8008B71EC /* _9RedBalloonsTests.swift */ = {isa = PBXFileReference; lastKnownFileType = sourcecode.swift; path = _9RedBalloonsTests.swift; sourceTree = "<group>"; };
		FEF4C2E81B1391BD008B71EC /* BerlinTVTower.jpg */ = {isa = PBXFileReference; lastKnownFileType = image.jpeg; path = BerlinTVTower.jpg; sourceTree = "<group>"; };
		FEF4C2E91B1391BD008B71EC /* RedBalloon1.jpg */ = {isa = PBXFileReference; lastKnownFileType = image.jpeg; path = RedBalloon1.jpg; sourceTree = "<group>"; };
		FEF4C2EA1B1391BD008B71EC /* RedBalloon2.jpg */ = {isa = PBXFileReference; lastKnownFileType = image.jpeg; path = RedBalloon2.jpg; sourceTree = "<group>"; };
		FEF4C2EB1B1391BD008B71EC /* RedBalloon3.jpg */ = {isa = PBXFileReference; lastKnownFileType = image.jpeg; path = RedBalloon3.jpg; sourceTree = "<group>"; };
		FEF4C2EC1B1391BD008B71EC /* RedBalloon4.jpg */ = {isa = PBXFileReference; lastKnownFileType = image.jpeg; path = RedBalloon4.jpg; sourceTree = "<group>"; };
/* End PBXFileReference section */

/* Begin PBXFrameworksBuildPhase section */
		FEF4C2BF1B1391A8008B71EC /* Frameworks */ = {
			isa = PBXFrameworksBuildPhase;
			buildActionMask = 2147483647;
			files = (
			);
			runOnlyForDeploymentPostprocessing = 0;
		};
		FEF4C2D41B1391A8008B71EC /* Frameworks */ = {
			isa = PBXFrameworksBuildPhase;
			buildActionMask = 2147483647;
			files = (
			);
			runOnlyForDeploymentPostprocessing = 0;
		};
/* End PBXFrameworksBuildPhase section */

/* Begin PBXGroup section */
		FEF4C2B91B1391A8008B71EC = {
			isa = PBXGroup;
			children = (
				FEF4C2C41B1391A8008B71EC /* 99RedBalloons */,
				FEF4C2DA1B1391A8008B71EC /* 99RedBalloonsTests */,
				FEF4C2C31B1391A8008B71EC /* Products */,
			);
			sourceTree = "<group>";
		};
		FEF4C2C31B1391A8008B71EC /* Products */ = {
			isa = PBXGroup;
			children = (
				FEF4C2C21B1391A8008B71EC /* 99RedBalloons.app */,
				FEF4C2D71B1391A8008B71EC /* 99RedBalloonsTests.xctest */,
			);
			name = Products;
			sourceTree = "<group>";
		};
		FEF4C2C41B1391A8008B71EC /* 99RedBalloons */ = {
			isa = PBXGroup;
			children = (
				FEF4C2C71B1391A8008B71EC /* AppDelegate.swift */,
				FEF4C2C91B1391A8008B71EC /* ViewController.swift */,
				FEF4C2CB1B1391A8008B71EC /* Main.storyboard */,
				FEF4C2CE1B1391A8008B71EC /* Images.xcassets */,
				FEF4C2D01B1391A8008B71EC /* LaunchScreen.xib */,
				FEF4C2C51B1391A8008B71EC /* Supporting Files */,
			);
			path = 99RedBalloons;
			sourceTree = "<group>";
		};
		FEF4C2C51B1391A8008B71EC /* Supporting Files */ = {
			isa = PBXGroup;
			children = (
				FEF4C2E71B1391BD008B71EC /* 99RedBalloonsAssets */,
				FEF4C2C61B1391A8008B71EC /* Info.plist */,
			);
			name = "Supporting Files";
			sourceTree = "<group>";
		};
		FEF4C2DA1B1391A8008B71EC /* 99RedBalloonsTests */ = {
			isa = PBXGroup;
			children = (
				FEF4C2DD1B1391A8008B71EC /* _9RedBalloonsTests.swift */,
				FEF4C2DB1B1391A8008B71EC /* Supporting Files */,
			);
			path = 99RedBalloonsTests;
			sourceTree = "<group>";
		};
		FEF4C2DB1B1391A8008B71EC /* Supporting Files */ = {
			isa = PBXGroup;
			children = (
				FEF4C2DC1B1391A8008B71EC /* Info.plist */,
			);
			name = "Supporting Files";
			sourceTree = "<group>";
		};
		FEF4C2E71B1391BD008B71EC /* 99RedBalloonsAssets */ = {
			isa = PBXGroup;
			children = (
				FEF4C2E81B1391BD008B71EC /* BerlinTVTower.jpg */,
				FEF4C2E91B1391BD008B71EC /* RedBalloon1.jpg */,
				FEF4C2EA1B1391BD008B71EC /* RedBalloon2.jpg */,
				FEF4C2EB1B1391BD008B71EC /* RedBalloon3.jpg */,
				FEF4C2EC1B1391BD008B71EC /* RedBalloon4.jpg */,
			);
			path = 99RedBalloonsAssets;
			sourceTree = "<group>";
		};
/* End PBXGroup section */

/* Begin PBXNativeTarget section */
		FEF4C2C11B1391A8008B71EC /* 99RedBalloons */ = {
			isa = PBXNativeTarget;
			buildConfigurationList = FEF4C2E11B1391A8008B71EC /* Build configuration list for PBXNativeTarget "99RedBalloons" */;
			buildPhases = (
				FEF4C2BE1B1391A8008B71EC /* Sources */,
				FEF4C2BF1B1391A8008B71EC /* Frameworks */,
				FEF4C2C01B1391A8008B71EC /* Resources */,
			);
			buildRules = (
			);
			dependencies = (
			);
			name = 99RedBalloons;
			productName = 99RedBalloons;
			productReference = FEF4C2C21B1391A8008B71EC /* 99RedBalloons.app */;
			productType = "com.apple.product-type.application";
		};
		FEF4C2D61B1391A8008B71EC /* 99RedBalloonsTests */ = {
			isa = PBXNativeTarget;
			buildConfigurationList = FEF4C2E41B1391A8008B71EC /* Build configuration list for PBXNativeTarget "99RedBalloonsTests" */;
			buildPhases = (
				FEF4C2D31B1391A8008B71EC /* Sources */,
				FEF4C2D41B1391A8008B71EC /* Frameworks */,
				FEF4C2D51B1391A8008B71EC /* Resources */,
			);
			buildRules = (
			);
			dependencies = (
				FEF4C2D91B1391A8008B71EC /* PBXTargetDependency */,
			);
			name = 99RedBalloonsTests;
			productName = 99RedBalloonsTests;
			productReference = FEF4C2D71B1391A8008B71EC /* 99RedBalloonsTests.xctest */;
			productType = "com.apple.product-type.bundle.unit-test";
		};
/* End PBXNativeTarget section */

/* Begin PBXProject section */
		FEF4C2BA1B1391A8008B71EC /* Project object */ = {
			isa = PBXProject;
			attributes = {
				LastUpgradeCheck = 0630;
				ORGANIZATIONNAME = "Elton Nix";
				TargetAttributes = {
					FEF4C2C11B1391A8008B71EC = {
						CreatedOnToolsVersion = 6.3.2;
					};
					FEF4C2D61B1391A8008B71EC = {
						CreatedOnToolsVersion = 6.3.2;
						TestTargetID = FEF4C2C11B1391A8008B71EC;
					};
				};
			};
			buildConfigurationList = FEF4C2BD1B1391A8008B71EC /* Build configuration list for PBXProject "99RedBalloons" */;
			compatibilityVersion = "Xcode 3.2";
			developmentRegion = English;
			hasScannedForEncodings = 0;
			knownRegions = (
				en,
				Base,
			);
			mainGroup = FEF4C2B91B1391A8008B71EC;
			productRefGroup = FEF4C2C31B1391A8008B71EC /* Products */;
			projectDirPath = "";
			projectRoot = "";
			targets = (
				FEF4C2C11B1391A8008B71EC /* 99RedBalloons */,
				FEF4C2D61B1391A8008B71EC /* 99RedBalloonsTests */,
			);
		};
/* End PBXProject section */

/* Begin PBXResourcesBuildPhase section */
		FEF4C2C01B1391A8008B71EC /* Resources */ = {
			isa = PBXResourcesBuildPhase;
			buildActionMask = 2147483647;
			files = (
				FEF4C2EF1B1391BD008B71EC /* RedBalloon2.jpg in Resources */,
				FEF4C2CD1B1391A8008B71EC /* Main.storyboard in Resources */,
				FEF4C2F01B1391BD008B71EC /* RedBalloon3.jpg in Resources */,
				FEF4C2D21B1391A8008B71EC /* LaunchScreen.xib in Resources */,
				FEF4C2F11B1391BD008B71EC /* RedBalloon4.jpg in Resources */,
				FEF4C2CF1B1391A8008B71EC /* Images.xcassets in Resources */,
				FEF4C2EE1B1391BD008B71EC /* RedBalloon1.jpg in Resources */,
				FEF4C2ED1B1391BD008B71EC /* BerlinTVTower.jpg in Resources */,
			);
			runOnlyForDeploymentPostprocessing = 0;
		};
		FEF4C2D51B1391A8008B71EC /* Resources */ = {
			isa = PBXResourcesBuildPhase;
			buildActionMask = 2147483647;
			files = (
			);
			runOnlyForDeploymentPostprocessing = 0;
		};
/* End PBXResourcesBuildPhase section */

/* Begin PBXSourcesBuildPhase section */
		FEF4C2BE1B1391A8008B71EC /* Sources */ = {
			isa = PBXSourcesBuildPhase;
			buildActionMask = 2147483647;
			files = (
				FEF4C2CA1B1391A8008B71EC /* ViewController.swift in Sources */,
				FEF4C2C81B1391A8008B71EC /* AppDelegate.swift in Sources */,
			);
			runOnlyForDeploymentPostprocessing = 0;
		};
		FEF4C2D31B1391A8008B71EC /* Sources */ = {
			isa = PBXSourcesBuildPhase;
			buildActionMask = 2147483647;
			files = (
				FEF4C2DE1B1391A8008B71EC /* _9RedBalloonsTests.swift in Sources */,
			);
			runOnlyForDeploymentPostprocessing = 0;
		};
/* End PBXSourcesBuildPhase section */

/* Begin PBXTargetDependency section */
		FEF4C2D91B1391A8008B71EC /* PBXTargetDependency */ = {
			isa = PBXTargetDependency;
			target = FEF4C2C11B1391A8008B71EC /* 99RedBalloons */;
			targetProxy = FEF4C2D81B1391A8008B71EC /* PBXContainerItemProxy */;
		};
/* End PBXTargetDependency section */

/* Begin PBXVariantGroup section */
		FEF4C2CB1B1391A8008B71EC /* Main.storyboard */ = {
			isa = PBXVariantGroup;
			children = (
				FEF4C2CC1B1391A8008B71EC /* Base */,
			);
			name = Main.storyboard;
			sourceTree = "<group>";
		};
		FEF4C2D01B1391A8008B71EC /* LaunchScreen.xib */ = {
			isa = PBXVariantGroup;
			children = (
				FEF4C2D11B1391A8008B71EC /* Base */,
			);
			name = LaunchScreen.xib;
			sourceTree = "<group>";
		};
/* End PBXVariantGroup section */

/* Begin XCBuildConfiguration section */
		FEF4C2DF1B1391A8008B71EC /* Debug */ = {
			isa = XCBuildConfiguration;
			buildSettings = {
				ALWAYS_SEARCH_USER_PATHS = NO;
				CLANG_CXX_LANGUAGE_STANDARD = "gnu++0x";
				CLANG_CXX_LIBRARY = "libc++";
				CLANG_ENABLE_MODULES = YES;
				CLANG_ENABLE_OBJC_ARC = YES;
				CLANG_WARN_BOOL_CONVERSION = YES;
				CLANG_WARN_CONSTANT_CONVERSION = YES;
				CLANG_WARN_DIRECT_OBJC_ISA_USAGE = YES_ERROR;
				CLANG_WARN_EMPTY_BODY = YES;
				CLANG_WARN_ENUM_CONVERSION = YES;
				CLANG_WARN_INT_CONVERSION = YES;
				CLANG_WARN_OBJC_ROOT_CLASS = YES_ERROR;
				CLANG_WARN_UNREACHABLE_CODE = YES;
				CLANG_WARN__DUPLICATE_METHOD_MATCH = YES;
				"CODE_SIGN_IDENTITY[sdk=iphoneos*]" = "iPhone Developer";
				COPY_PHASE_STRIP = NO;
				DEBUG_INFORMATION_FORMAT = "dwarf-with-dsym";
				ENABLE_STRICT_OBJC_MSGSEND = YES;
				GCC_C_LANGUAGE_STANDARD = gnu99;
				GCC_DYNAMIC_NO_PIC = NO;
				GCC_NO_COMMON_BLOCKS = YES;
				GCC_OPTIMIZATION_LEVEL = 0;
				GCC_PREPROCESSOR_DEFINITIONS = (
					"DEBUG=1",
					"$(inherited)",
				);
				GCC_SYMBOLS_PRIVATE_EXTERN = NO;
				GCC_WARN_64_TO_32_BIT_CONVERSION = YES;
				GCC_WARN_ABOUT_RETURN_TYPE = YES_ERROR;
				GCC_WARN_UNDECLARED_SELECTOR = YES;
				GCC_WARN_UNINITIALIZED_AUTOS = YES_AGGRESSIVE;
				GCC_WARN_UNUSED_FUNCTION = YES;
				GCC_WARN_UNUSED_VARIABLE = YES;
				IPHONEOS_DEPLOYMENT_TARGET = 8.3;
				MTL_ENABLE_DEBUG_INFO = YES;
				ONLY_ACTIVE_ARCH = YES;
				SDKROOT = iphoneos;
				SWIFT_OPTIMIZATION_LEVEL = "-Onone";
				TARGETED_DEVICE_FAMILY = "1,2";
			};
			name = Debug;
		};
		FEF4C2E01B1391A8008B71EC /* Release */ = {
			isa = XCBuildConfiguration;
			buildSettings = {
				ALWAYS_SEARCH_USER_PATHS = NO;
				CLANG_CXX_LANGUAGE_STANDARD = "gnu++0x";
				CLANG_CXX_LIBRARY = "libc++";
				CLANG_ENABLE_MODULES = YES;
				CLANG_ENABLE_OBJC_ARC = YES;
				CLANG_WARN_BOOL_CONVERSION = YES;
				CLANG_WARN_CONSTANT_CONVERSION = YES;
				CLANG_WARN_DIRECT_OBJC_ISA_USAGE = YES_ERROR;
				CLANG_WARN_EMPTY_BODY = YES;
				CLANG_WARN_ENUM_CONVERSION = YES;
				CLANG_WARN_INT_CONVERSION = YES;
				CLANG_WARN_OBJC_ROOT_CLASS = YES_ERROR;
				CLANG_WARN_UNREACHABLE_CODE = YES;
				CLANG_WARN__DUPLICATE_METHOD_MATCH = YES;
				"CODE_SIGN_IDENTITY[sdk=iphoneos*]" = "iPhone Developer";
				COPY_PHASE_STRIP = NO;
				DEBUG_INFORMATION_FORMAT = "dwarf-with-dsym";
				ENABLE_NS_ASSERTIONS = NO;
				ENABLE_STRICT_OBJC_MSGSEND = YES;
				GCC_C_LANGUAGE_STANDARD = gnu99;
				GCC_NO_COMMON_BLOCKS = YES;
				GCC_WARN_64_TO_32_BIT_CONVERSION = YES;
				GCC_WARN_ABOUT_RETURN_TYPE = YES_ERROR;
				GCC_WARN_UNDECLARED_SELECTOR = YES;
				GCC_WARN_UNINITIALIZED_AUTOS = YES_AGGRESSIVE;
				GCC_WARN_UNUSED_FUNCTION = YES;
				GCC_WARN_UNUSED_VARIABLE = YES;
				IPHONEOS_DEPLOYMENT_TARGET = 8.3;
				MTL_ENABLE_DEBUG_INFO = NO;
				SDKROOT = iphoneos;
				TARGETED_DEVICE_FAMILY = "1,2";
				VALIDATE_PRODUCT = YES;
			};
			name = Release;
		};
		FEF4C2E21B1391A8008B71EC /* Debug */ = {
			isa = XCBuildConfiguration;
			buildSettings = {
				ASSETCATALOG_COMPILER_APPICON_NAME = AppIcon;
				INFOPLIST_FILE = 99RedBalloons/Info.plist;
				LD_RUNPATH_SEARCH_PATHS = "$(inherited) @executable_path/Frameworks";
				PRODUCT_NAME = "$(TARGET_NAME)";
			};
			name = Debug;
		};
		FEF4C2E31B1391A8008B71EC /* Release */ = {
			isa = XCBuildConfiguration;
			buildSettings = {
				ASSETCATALOG_COMPILER_APPICON_NAME = AppIcon;
				INFOPLIST_FILE = 99RedBalloons/Info.plist;
				LD_RUNPATH_SEARCH_PATHS = "$(inherited) @executable_path/Frameworks";
				PRODUCT_NAME = "$(TARGET_NAME)";
			};
			name = Release;
		};
		FEF4C2E51B1391A8008B71EC /* Debug */ = {
			isa = XCBuildConfiguration;
			buildSettings = {
				BUNDLE_LOADER = "$(TEST_HOST)";
				FRAMEWORK_SEARCH_PATHS = (
					"$(SDKROOT)/Developer/Library/Frameworks",
					"$(inherited)",
				);
				GCC_PREPROCESSOR_DEFINITIONS = (
					"DEBUG=1",
					"$(inherited)",
				);
				INFOPLIST_FILE = 99RedBalloonsTests/Info.plist;
				LD_RUNPATH_SEARCH_PATHS = "$(inherited) @executable_path/Frameworks @loader_path/Frameworks";
				PRODUCT_NAME = "$(TARGET_NAME)";
				TEST_HOST = "$(BUILT_PRODUCTS_DIR)/99RedBalloons.app/99RedBalloons";
			};
			name = Debug;
		};
		FEF4C2E61B1391A8008B71EC /* Release */ = {
			isa = XCBuildConfiguration;
			buildSettings = {
				BUNDLE_LOADER = "$(TEST_HOST)";
				FRAMEWORK_SEARCH_PATHS = (
					"$(SDKROOT)/Developer/Library/Frameworks",
					"$(inherited)",
				);
				INFOPLIST_FILE = 99RedBalloonsTests/Info.plist;
				LD_RUNPATH_SEARCH_PATHS = "$(inherited) @executable_path/Frameworks @loader_path/Frameworks";
				PRODUCT_NAME = "$(TARGET_NAME)";
				TEST_HOST = "$(BUILT_PRODUCTS_DIR)/99RedBalloons.app/99RedBalloons";
			};
			name = Release;
		};
/* End XCBuildConfiguration section */

/* Begin XCConfigurationList section */
		FEF4C2BD1B1391A8008B71EC /* Build configuration list for PBXProject "99RedBalloons" */ = {
			isa = XCConfigurationList;
			buildConfigurations = (
				FEF4C2DF1B1391A8008B71EC /* Debug */,
				FEF4C2E01B1391A8008B71EC /* Release */,
			);
			defaultConfigurationIsVisible = 0;
			defaultConfigurationName = Release;
		};
		FEF4C2E11B1391A8008B71EC /* Build configuration list for PBXNativeTarget "99RedBalloons" */ = {
			isa = XCConfigurationList;
			buildConfigurations = (
				FEF4C2E21B1391A8008B71EC /* Debug */,
				FEF4C2E31B1391A8008B71EC /* Release */,
			);
			defaultConfigurationIsVisible = 0;
		};
		FEF4C2E41B1391A8008B71EC /* Build configuration list for PBXNativeTarget "99RedBalloonsTests" */ = {
			isa = XCConfigurationList;
			buildConfigurations = (
				FEF4C2E51B1391A8008B71EC /* Debug */,
				FEF4C2E61B1391A8008B71EC /* Release */,
			);
			defaultConfigurationIsVisible = 0;
		};
/* End XCConfigurationList section */
	};
	rootObject = FEF4C2BA1B1391A8008B71EC /* Project object */;
}
